
Microsoft Visual Studio Solution File, Format Version 12.00
# Visual Studio 15
VisualStudioVersion = 15.0.27906.1
MinimumVisualStudioVersion = 10.0.40219.1
Project("{FAE04EC0-301F-11D3-BF4B-00C04F79EFBC}") = "MXApi", "MXApi\MXApi.csproj", "{4211A13C-8390-41F1-8C47-783183913A87}"
EndProject
Global
	GlobalSection(SolutionConfigurationPlatforms) = preSolution
		Debug|Any CPU = Debug|Any CPU
		Release|Any CPU = Release|Any CPU
	EndGlobalSection
	GlobalSection(ProjectConfigurationPlatforms) = postSolution
		{4211A13C-8390-41F1-8C47-783183913A87}.Debug|Any CPU.ActiveCfg = Debug|Any CPU
		{4211A13C-8390-41F1-8C47-783183913A87}.Debug|Any CPU.Build.0 = Debug|Any CPU
		{4211A13C-8390-41F1-8C47-783183913A87}.Release|Any CPU.ActiveCfg = Release|Any CPU
		{4211A13C-8390-41F1-8C47-783183913A87}.Release|Any CPU.Build.0 = Release|Any CPU
	EndGlobalSection
	GlobalSection(SolutionProperties) = preSolution
		HideSolutionNode = FALSE
	EndGlobalSection
	GlobalSection(ExtensibilityGlobals) = postSolution
		SolutionGuid = {3E7EB575-286A-485C-9CB2-28C467E35D92}
	EndGlobalSection
EndGlobal
